
Microsoft Visual Studio Solution File, Format Version 12.00
# Visual Studio Version 16
VisualStudioVersion = 16.0.30114.105
MinimumVisualStudioVersion = 10.0.40219.1
Project("{2150E333-8FDC-42A3-9474-1A3956D46DE8}") = "src", "src", "{E59EA59E-B51B-45B6-99E6-C6E55ADF8B43}"
EndProject
Project("{FAE04EC0-301F-11D3-BF4B-00C04F79EFBC}") = "DDD.UI", "src\DDD.UI\DDD.UI.csproj", "{7D2E2F1E-DD7C-4DC5-8A27-729908FB689F}"
EndProject
Project("{FAE04EC0-301F-11D3-BF4B-00C04F79EFBC}") = "DDD.Domain", "src\DDD.Domain\DDD.Domain.csproj", "{C581A793-D9E1-4D12-85AA-9CC8B979706D}"
EndProject
Project("{FAE04EC0-301F-11D3-BF4B-00C04F79EFBC}") = "DDD.Application", "src\DDD.Application\DDD.Application.csproj", "{4F3F95A3-1DB9-4FE5-80F5-F1075453DB29}"
EndProject
Project("{FAE04EC0-301F-11D3-BF4B-00C04F79EFBC}") = "DDD.Infrastructure", "src\DDD.Infrastructure\DDD.Infrastructure.csproj", "{02D2D28B-941F-4181-8BE2-7EEDD516F209}"
EndProject
Project("{2150E333-8FDC-42A3-9474-1A3956D46DE8}") = "test", "test", "{3495F6BC-9FEB-4CAF-9530-8B0585FAE893}"
EndProject
Project("{FAE04EC0-301F-11D3-BF4B-00C04F79EFBC}") = "DDD.UnitTest", "test\DDD.UnitTest\DDD.UnitTest.csproj", "{04688B30-FDAA-4B91-A9EE-6BBDA5D9A7D9}"
EndProject
Project("{FAE04EC0-301F-11D3-BF4B-00C04F79EFBC}") = "DDD.IntegTest", "test\DDD.IntegTest\DDD.IntegTest.csproj", "{A05BCF7F-16E0-4F39-9F05-ACA3A3CAAEB7}"
EndProject
Project("{FAE04EC0-301F-11D3-BF4B-00C04F79EFBC}") = "DDD.ArchTest", "test\DDD.ArchTest\DDD.ArchTest.csproj", "{5DEC2F13-3BA9-492E-B676-E0D6B8291E7D}"
EndProject
Global
	GlobalSection(SolutionConfigurationPlatforms) = preSolution
		Debug|Any CPU = Debug|Any CPU
		Release|Any CPU = Release|Any CPU
	EndGlobalSection
	GlobalSection(SolutionProperties) = preSolution
		HideSolutionNode = FALSE
	EndGlobalSection
	GlobalSection(ProjectConfigurationPlatforms) = postSolution
		{7D2E2F1E-DD7C-4DC5-8A27-729908FB689F}.Debug|Any CPU.ActiveCfg = Debug|Any CPU
		{7D2E2F1E-DD7C-4DC5-8A27-729908FB689F}.Debug|Any CPU.Build.0 = Debug|Any CPU
		{7D2E2F1E-DD7C-4DC5-8A27-729908FB689F}.Release|Any CPU.ActiveCfg = Release|Any CPU
		{7D2E2F1E-DD7C-4DC5-8A27-729908FB689F}.Release|Any CPU.Build.0 = Release|Any CPU
		{C581A793-D9E1-4D12-85AA-9CC8B979706D}.Debug|Any CPU.ActiveCfg = Debug|Any CPU
		{C581A793-D9E1-4D12-85AA-9CC8B979706D}.Debug|Any CPU.Build.0 = Debug|Any CPU
		{C581A793-D9E1-4D12-85AA-9CC8B979706D}.Release|Any CPU.ActiveCfg = Release|Any CPU
		{C581A793-D9E1-4D12-85AA-9CC8B979706D}.Release|Any CPU.Build.0 = Release|Any CPU
		{4F3F95A3-1DB9-4FE5-80F5-F1075453DB29}.Debug|Any CPU.ActiveCfg = Debug|Any CPU
		{4F3F95A3-1DB9-4FE5-80F5-F1075453DB29}.Debug|Any CPU.Build.0 = Debug|Any CPU
		{4F3F95A3-1DB9-4FE5-80F5-F1075453DB29}.Release|Any CPU.ActiveCfg = Release|Any CPU
		{4F3F95A3-1DB9-4FE5-80F5-F1075453DB29}.Release|Any CPU.Build.0 = Release|Any CPU
		{02D2D28B-941F-4181-8BE2-7EEDD516F209}.Debug|Any CPU.ActiveCfg = Debug|Any CPU
		{02D2D28B-941F-4181-8BE2-7EEDD516F209}.Debug|Any CPU.Build.0 = Debug|Any CPU
		{02D2D28B-941F-4181-8BE2-7EEDD516F209}.Release|Any CPU.ActiveCfg = Release|Any CPU
		{02D2D28B-941F-4181-8BE2-7EEDD516F209}.Release|Any CPU.Build.0 = Release|Any CPU
		{04688B30-FDAA-4B91-A9EE-6BBDA5D9A7D9}.Debug|Any CPU.ActiveCfg = Debug|Any CPU
		{04688B30-FDAA-4B91-A9EE-6BBDA5D9A7D9}.Debug|Any CPU.Build.0 = Debug|Any CPU
		{04688B30-FDAA-4B91-A9EE-6BBDA5D9A7D9}.Release|Any CPU.ActiveCfg = Release|Any CPU
		{04688B30-FDAA-4B91-A9EE-6BBDA5D9A7D9}.Release|Any CPU.Build.0 = Release|Any CPU
		{A05BCF7F-16E0-4F39-9F05-ACA3A3CAAEB7}.Debug|Any CPU.ActiveCfg = Debug|Any CPU
		{A05BCF7F-16E0-4F39-9F05-ACA3A3CAAEB7}.Debug|Any CPU.Build.0 = Debug|Any CPU
		{A05BCF7F-16E0-4F39-9F05-ACA3A3CAAEB7}.Release|Any CPU.ActiveCfg = Release|Any CPU
		{A05BCF7F-16E0-4F39-9F05-ACA3A3CAAEB7}.Release|Any CPU.Build.0 = Release|Any CPU
		{5DEC2F13-3BA9-492E-B676-E0D6B8291E7D}.Debug|Any CPU.ActiveCfg = Debug|Any CPU
		{5DEC2F13-3BA9-492E-B676-E0D6B8291E7D}.Debug|Any CPU.Build.0 = Debug|Any CPU
		{5DEC2F13-3BA9-492E-B676-E0D6B8291E7D}.Release|Any CPU.ActiveCfg = Release|Any CPU
		{5DEC2F13-3BA9-492E-B676-E0D6B8291E7D}.Release|Any CPU.Build.0 = Release|Any CPU
	EndGlobalSection
	GlobalSection(NestedProjects) = preSolution
		{7D2E2F1E-DD7C-4DC5-8A27-729908FB689F} = {E59EA59E-B51B-45B6-99E6-C6E55ADF8B43}
		{C581A793-D9E1-4D12-85AA-9CC8B979706D} = {E59EA59E-B51B-45B6-99E6-C6E55ADF8B43}
		{4F3F95A3-1DB9-4FE5-80F5-F1075453DB29} = {E59EA59E-B51B-45B6-99E6-C6E55ADF8B43}
		{02D2D28B-941F-4181-8BE2-7EEDD516F209} = {E59EA59E-B51B-45B6-99E6-C6E55ADF8B43}
		{04688B30-FDAA-4B91-A9EE-6BBDA5D9A7D9} = {3495F6BC-9FEB-4CAF-9530-8B0585FAE893}
		{A05BCF7F-16E0-4F39-9F05-ACA3A3CAAEB7} = {3495F6BC-9FEB-4CAF-9530-8B0585FAE893}
		{5DEC2F13-3BA9-492E-B676-E0D6B8291E7D} = {3495F6BC-9FEB-4CAF-9530-8B0585FAE893}
	EndGlobalSection
EndGlobal
